{
  "name": "@hashgraph/sdk",
  "version": "1.1.12",
  "lockfileVersion": 1,
  "requires": true,
  "dependencies": {
    "@improbable-eng/grpc-web-react-native-transport": {
      "version": "0.12.0",
      "resolved": "https://registry.npmjs.org/@improbable-eng/grpc-web-react-native-transport/-/grpc-web-react-native-transport-0.12.0.tgz",
      "integrity": "sha512-0BDKrxSJxJXz7oWgm0IerjTmigPDAbLXRgn4fs8qbjOnasnB1RRKbJP0JgRf/5wfCULiCZPIl1hTnkYe+VPIig=="
    }
  }
}
